
Microsoft Visual Studio Solution File, Format Version 12.00
# Visual Studio Version 17
VisualStudioVersion = 17.5.33627.172
MinimumVisualStudioVersion = 10.0.40219.1
Project("{FAE04EC0-301F-11D3-BF4B-00C04F79EFBC}") = "Amshy", "Amshy\Amshy.csproj", "{90A7AD36-13D1-4798-976E-D4DE23F7BD0E}"
EndProject
Global
	GlobalSection(SolutionConfigurationPlatforms) = preSolution
		Debug|Any CPU = Debug|Any CPU
		Release|Any CPU = Release|Any CPU
	EndGlobalSection
	GlobalSection(ProjectConfigurationPlatforms) = postSolution
		{90A7AD36-13D1-4798-976E-D4DE23F7BD0E}.Debug|Any CPU.ActiveCfg = Debug|Any CPU
		{90A7AD36-13D1-4798-976E-D4DE23F7BD0E}.Debug|Any CPU.Build.0 = Debug|Any CPU
		{90A7AD36-13D1-4798-976E-D4DE23F7BD0E}.Release|Any CPU.ActiveCfg = Release|Any CPU
		{90A7AD36-13D1-4798-976E-D4DE23F7BD0E}.Release|Any CPU.Build.0 = Release|Any CPU
	EndGlobalSection
	GlobalSection(SolutionProperties) = preSolution
		HideSolutionNode = FALSE
	EndGlobalSection
	GlobalSection(ExtensibilityGlobals) = postSolution
		SolutionGuid = {1FFA5D37-EE3F-4BBA-81C0-345A5E5EC00E}
	EndGlobalSection
EndGlobal
